
Microsoft Visual Studio Solution File, Format Version 12.00
# Visual Studio 15
Project("{FAE04EC0-301F-11D3-BF4B-00C04F79EFBC}") = "Assembly-CSharp-firstpass", "Assembly-CSharp-firstpass.csproj", "{EFCFFA9F-495E-ED63-67DB-85F0B5F76BDC}"
EndProject
Project("{FAE04EC0-301F-11D3-BF4B-00C04F79EFBC}") = "Assembly-CSharp", "Assembly-CSharp.csproj", "{4C732607-861A-ED87-131A-0F58E548D4B4}"
EndProject
Project("{FAE04EC0-301F-11D3-BF4B-00C04F79EFBC}") = "Assembly-CSharp-Editor", "Assembly-CSharp-Editor.csproj", "{1797B57C-CDA0-6E93-8E1F-3F11F369ABD6}"
EndProject
Project("{FAE04EC0-301F-11D3-BF4B-00C04F79EFBC}") = "Assembly-CSharp-Editor-firstpass", "Assembly-CSharp-Editor-firstpass.csproj", "{225CB60E-FCDB-AB90-31C9-E754501FDA18}"
EndProject
Global
	GlobalSection(SolutionConfigurationPlatforms) = preSolution
		Debug|Any CPU = Debug|Any CPU
		Release|Any CPU = Release|Any CPU
	EndGlobalSection
	GlobalSection(ProjectConfigurationPlatforms) = postSolution
		{EFCFFA9F-495E-ED63-67DB-85F0B5F76BDC}.Debug|Any CPU.ActiveCfg = Debug|Any CPU
		{EFCFFA9F-495E-ED63-67DB-85F0B5F76BDC}.Debug|Any CPU.Build.0 = Debug|Any CPU
		{EFCFFA9F-495E-ED63-67DB-85F0B5F76BDC}.Release|Any CPU.ActiveCfg = Release|Any CPU
		{EFCFFA9F-495E-ED63-67DB-85F0B5F76BDC}.Release|Any CPU.Build.0 = Release|Any CPU
		{4C732607-861A-ED87-131A-0F58E548D4B4}.Debug|Any CPU.ActiveCfg = Debug|Any CPU
		{4C732607-861A-ED87-131A-0F58E548D4B4}.Debug|Any CPU.Build.0 = Debug|Any CPU
		{4C732607-861A-ED87-131A-0F58E548D4B4}.Release|Any CPU.ActiveCfg = Release|Any CPU
		{4C732607-861A-ED87-131A-0F58E548D4B4}.Release|Any CPU.Build.0 = Release|Any CPU
		{1797B57C-CDA0-6E93-8E1F-3F11F369ABD6}.Debug|Any CPU.ActiveCfg = Debug|Any CPU
		{1797B57C-CDA0-6E93-8E1F-3F11F369ABD6}.Debug|Any CPU.Build.0 = Debug|Any CPU
		{1797B57C-CDA0-6E93-8E1F-3F11F369ABD6}.Release|Any CPU.ActiveCfg = Release|Any CPU
		{1797B57C-CDA0-6E93-8E1F-3F11F369ABD6}.Release|Any CPU.Build.0 = Release|Any CPU
		{225CB60E-FCDB-AB90-31C9-E754501FDA18}.Debug|Any CPU.ActiveCfg = Debug|Any CPU
		{225CB60E-FCDB-AB90-31C9-E754501FDA18}.Debug|Any CPU.Build.0 = Debug|Any CPU
		{225CB60E-FCDB-AB90-31C9-E754501FDA18}.Release|Any CPU.ActiveCfg = Release|Any CPU
		{225CB60E-FCDB-AB90-31C9-E754501FDA18}.Release|Any CPU.Build.0 = Release|Any CPU
	EndGlobalSection
	GlobalSection(SolutionProperties) = preSolution
		HideSolutionNode = FALSE
	EndGlobalSection
EndGlobal
